// !$*UTF8*$!
{
	archiveVersion = 1;
	classes = {
	};
	objectVersion = 46;
	objects = {

/* Begin PBXBuildFile section */
		7E6FA36A1B3BB87600E6F434 /* AppDelegate.swift in Sources */ = {isa = PBXBuildFile; fileRef = 7E6FA3691B3BB87600E6F434 /* AppDelegate.swift */; };
		7E6FA36C1B3BB87600E6F434 /* ViewController.swift in Sources */ = {isa = PBXBuildFile; fileRef = 7E6FA36B1B3BB87600E6F434 /* ViewController.swift */; };
		7E6FA36F1B3BB87600E6F434 /* Main.storyboard in Resources */ = {isa = PBXBuildFile; fileRef = 7E6FA36D1B3BB87600E6F434 /* Main.storyboard */; };
		7E6FA3711B3BB87600E6F434 /* Images.xcassets in Resources */ = {isa = PBXBuildFile; fileRef = 7E6FA3701B3BB87600E6F434 /* Images.xcassets */; };
		7E6FA3741B3BB87600E6F434 /* LaunchScreen.xib in Resources */ = {isa = PBXBuildFile; fileRef = 7E6FA3721B3BB87600E6F434 /* LaunchScreen.xib */; };
		7E6FA3801B3BB87600E6F434 /* curvTests.swift in Sources */ = {isa = PBXBuildFile; fileRef = 7E6FA37F1B3BB87600E6F434 /* curvTests.swift */; };
/* End PBXBuildFile section */

/* Begin PBXContainerItemProxy section */
		7E6FA37A1B3BB87600E6F434 /* PBXContainerItemProxy */ = {
			isa = PBXContainerItemProxy;
			containerPortal = 7E6FA35C1B3BB87600E6F434 /* Project object */;
			proxyType = 1;
			remoteGlobalIDString = 7E6FA3631B3BB87600E6F434;
			remoteInfo = curv;
		};
/* End PBXContainerItemProxy section */

/* Begin PBXFileReference section */
		7E6FA3641B3BB87600E6F434 /* curv.app */ = {isa = PBXFileReference; explicitFileType = wrapper.application; includeInIndex = 0; path = curv.app; sourceTree = BUILT_PRODUCTS_DIR; };
		7E6FA3681B3BB87600E6F434 /* Info.plist */ = {isa = PBXFileReference; lastKnownFileType = text.plist.xml; path = Info.plist; sourceTree = "<group>"; };
		7E6FA3691B3BB87600E6F434 /* AppDelegate.swift */ = {isa = PBXFileReference; lastKnownFileType = sourcecode.swift; path = AppDelegate.swift; sourceTree = "<group>"; };
		7E6FA36B1B3BB87600E6F434 /* ViewController.swift */ = {isa = PBXFileReference; lastKnownFileType = sourcecode.swift; path = ViewController.swift; sourceTree = "<group>"; };
		7E6FA36E1B3BB87600E6F434 /* Base */ = {isa = PBXFileReference; lastKnownFileType = file.storyboard; name = Base; path = Base.lproj/Main.storyboard; sourceTree = "<group>"; };
		7E6FA3701B3BB87600E6F434 /* Images.xcassets */ = {isa = PBXFileReference; lastKnownFileType = folder.assetcatalog; path = Images.xcassets; sourceTree = "<group>"; };
		7E6FA3731B3BB87600E6F434 /* Base */ = {isa = PBXFileReference; lastKnownFileType = file.xib; name = Base; path = Base.lproj/LaunchScreen.xib; sourceTree = "<group>"; };
		7E6FA3791B3BB87600E6F434 /* curvTests.xctest */ = {isa = PBXFileReference; explicitFileType = wrapper.cfbundle; includeInIndex = 0; path = curvTests.xctest; sourceTree = BUILT_PRODUCTS_DIR; };
		7E6FA37E1B3BB87600E6F434 /* Info.plist */ = {isa = PBXFileReference; lastKnownFileType = text.plist.xml; path = Info.plist; sourceTree = "<group>"; };
		7E6FA37F1B3BB87600E6F434 /* curvTests.swift */ = {isa = PBXFileReference; lastKnownFileType = sourcecode.swift; path = curvTests.swift; sourceTree = "<group>"; };
/* End PBXFileReference section */

/* Begin PBXFrameworksBuildPhase section */
		7E6FA3611B3BB87600E6F434 /* Frameworks */ = {
			isa = PBXFrameworksBuildPhase;
			buildActionMask = 2147483647;
			files = (
			);
			runOnlyForDeploymentPostprocessing = 0;
		};
		7E6FA3761B3BB87600E6F434 /* Frameworks */ = {
			isa = PBXFrameworksBuildPhase;
			buildActionMask = 2147483647;
			files = (
			);
			runOnlyForDeploymentPostprocessing = 0;
		};
/* End PBXFrameworksBuildPhase section */

/* Begin PBXGroup section */
		7E6FA35B1B3BB87600E6F434 = {
			isa = PBXGroup;
			children = (
				7E6FA3661B3BB87600E6F434 /* curv */,
				7E6FA37C1B3BB87600E6F434 /* curvTests */,
				7E6FA3651B3BB87600E6F434 /* Products */,
			);
			sourceTree = "<group>";
		};
		7E6FA3651B3BB87600E6F434 /* Products */ = {
			isa = PBXGroup;
			children = (
				7E6FA3641B3BB87600E6F434 /* curv.app */,
				7E6FA3791B3BB87600E6F434 /* curvTests.xctest */,
			);
			name = Products;
			sourceTree = "<group>";
		};
		7E6FA3661B3BB87600E6F434 /* curv */ = {
			isa = PBXGroup;
			children = (
				7E6FA3691B3BB87600E6F434 /* AppDelegate.swift */,
				7E6FA36B1B3BB87600E6F434 /* ViewController.swift */,
				7E6FA36D1B3BB87600E6F434 /* Main.storyboard */,
				7E6FA3701B3BB87600E6F434 /* Images.xcassets */,
				7E6FA3721B3BB87600E6F434 /* LaunchScreen.xib */,
				7E6FA3671B3BB87600E6F434 /* Supporting Files */,
			);
			path = curv;
			sourceTree = "<group>";
		};
		7E6FA3671B3BB87600E6F434 /* Supporting Files */ = {
			isa = PBXGroup;
			children = (
				7E6FA3681B3BB87600E6F434 /* Info.plist */,
			);
			name = "Supporting Files";
			sourceTree = "<group>";
		};
		7E6FA37C1B3BB87600E6F434 /* curvTests */ = {
			isa = PBXGroup;
			children = (
				7E6FA37F1B3BB87600E6F434 /* curvTests.swift */,
				7E6FA37D1B3BB87600E6F434 /* Supporting Files */,
			);
			path = curvTests;
			sourceTree = "<group>";
		};
		7E6FA37D1B3BB87600E6F434 /* Supporting Files */ = {
			isa = PBXGroup;
			children = (
				7E6FA37E1B3BB87600E6F434 /* Info.plist */,
			);
			name = "Supporting Files";
			sourceTree = "<group>";
		};
/* End PBXGroup section */

/* Begin PBXNativeTarget section */
		7E6FA3631B3BB87600E6F434 /* curv */ = {
			isa = PBXNativeTarget;
			buildConfigurationList = 7E6FA3831B3BB87600E6F434 /* Build configuration list for PBXNativeTarget "curv" */;
			buildPhases = (
				7E6FA3601B3BB87600E6F434 /* Sources */,
				7E6FA3611B3BB87600E6F434 /* Frameworks */,
				7E6FA3621B3BB87600E6F434 /* Resources */,
			);
			buildRules = (
			);
			dependencies = (
			);
			name = curv;
			productName = curv;
			productReference = 7E6FA3641B3BB87600E6F434 /* curv.app */;
			productType = "com.apple.product-type.application";
		};
		7E6FA3781B3BB87600E6F434 /* curvTests */ = {
			isa = PBXNativeTarget;
			buildConfigurationList = 7E6FA3861B3BB87600E6F434 /* Build configuration list for PBXNativeTarget "curvTests" */;
			buildPhases = (
				7E6FA3751B3BB87600E6F434 /* Sources */,
				7E6FA3761B3BB87600E6F434 /* Frameworks */,
				7E6FA3771B3BB87600E6F434 /* Resources */,
			);
			buildRules = (
			);
			dependencies = (
				7E6FA37B1B3BB87600E6F434 /* PBXTargetDependency */,
			);
			name = curvTests;
			productName = curvTests;
			productReference = 7E6FA3791B3BB87600E6F434 /* curvTests.xctest */;
			productType = "com.apple.product-type.bundle.unit-test";
		};
/* End PBXNativeTarget section */

/* Begin PBXProject section */
		7E6FA35C1B3BB87600E6F434 /* Project object */ = {
			isa = PBXProject;
			attributes = {
				LastUpgradeCheck = 0630;
				ORGANIZATIONNAME = "Dagger Dev";
				TargetAttributes = {
					7E6FA3631B3BB87600E6F434 = {
						CreatedOnToolsVersion = 6.3.2;
					};
					7E6FA3781B3BB87600E6F434 = {
						CreatedOnToolsVersion = 6.3.2;
						TestTargetID = 7E6FA3631B3BB87600E6F434;
					};
				};
			};
			buildConfigurationList = 7E6FA35F1B3BB87600E6F434 /* Build configuration list for PBXProject "curv" */;
			compatibilityVersion = "Xcode 3.2";
			developmentRegion = English;
			hasScannedForEncodings = 0;
			knownRegions = (
				en,
				Base,
			);
			mainGroup = 7E6FA35B1B3BB87600E6F434;
			productRefGroup = 7E6FA3651B3BB87600E6F434 /* Products */;
			projectDirPath = "";
			projectRoot = "";
			targets = (
				7E6FA3631B3BB87600E6F434 /* curv */,
				7E6FA3781B3BB87600E6F434 /* curvTests */,
			);
		};
/* End PBXProject section */

/* Begin PBXResourcesBuildPhase section */
		7E6FA3621B3BB87600E6F434 /* Resources */ = {
			isa = PBXResourcesBuildPhase;
			buildActionMask = 2147483647;
			files = (
				7E6FA36F1B3BB87600E6F434 /* Main.storyboard in Resources */,
				7E6FA3741B3BB87600E6F434 /* LaunchScreen.xib in Resources */,
				7E6FA3711B3BB87600E6F434 /* Images.xcassets in Resources */,
			);
			runOnlyForDeploymentPostprocessing = 0;
		};
		7E6FA3771B3BB87600E6F434 /* Resources */ = {
			isa = PBXResourcesBuildPhase;
			buildActionMask = 2147483647;
			files = (
			);
			runOnlyForDeploymentPostprocessing = 0;
		};
/* End PBXResourcesBuildPhase section */

/* Begin PBXSourcesBuildPhase section */
		7E6FA3601B3BB87600E6F434 /* Sources */ = {
			isa = PBXSourcesBuildPhase;
			buildActionMask = 2147483647;
			files = (
				7E6FA36C1B3BB87600E6F434 /* ViewController.swift in Sources */,
				7E6FA36A1B3BB87600E6F434 /* AppDelegate.swift in Sources */,
			);
			runOnlyForDeploymentPostprocessing = 0;
		};
		7E6FA3751B3BB87600E6F434 /* Sources */ = {
			isa = PBXSourcesBuildPhase;
			buildActionMask = 2147483647;
			files = (
				7E6FA3801B3BB87600E6F434 /* curvTests.swift in Sources */,
			);
			runOnlyForDeploymentPostprocessing = 0;
		};
/* End PBXSourcesBuildPhase section */

/* Begin PBXTargetDependency section */
		7E6FA37B1B3BB87600E6F434 /* PBXTargetDependency */ = {
			isa = PBXTargetDependency;
			target = 7E6FA3631B3BB87600E6F434 /* curv */;
			targetProxy = 7E6FA37A1B3BB87600E6F434 /* PBXContainerItemProxy */;
		};
/* End PBXTargetDependency section */

/* Begin PBXVariantGroup section */
		7E6FA36D1B3BB87600E6F434 /* Main.storyboard */ = {
			isa = PBXVariantGroup;
			children = (
				7E6FA36E1B3BB87600E6F434 /* Base */,
			);
			name = Main.storyboard;
			sourceTree = "<group>";
		};
		7E6FA3721B3BB87600E6F434 /* LaunchScreen.xib */ = {
			isa = PBXVariantGroup;
			children = (
				7E6FA3731B3BB87600E6F434 /* Base */,
			);
			name = LaunchScreen.xib;
			sourceTree = "<group>";
		};
/* End PBXVariantGroup section */

/* Begin XCBuildConfiguration section */
		7E6FA3811B3BB87600E6F434 /* Debug */ = {
			isa = XCBuildConfiguration;
			buildSettings = {
				ALWAYS_SEARCH_USER_PATHS = NO;
				CLANG_CXX_LANGUAGE_STANDARD = "gnu++0x";
				CLANG_CXX_LIBRARY = "libc++";
				CLANG_ENABLE_MODULES = YES;
				CLANG_ENABLE_OBJC_ARC = YES;
				CLANG_WARN_BOOL_CONVERSION = YES;
				CLANG_WARN_CONSTANT_CONVERSION = YES;
				CLANG_WARN_DIRECT_OBJC_ISA_USAGE = YES_ERROR;
				CLANG_WARN_EMPTY_BODY = YES;
				CLANG_WARN_ENUM_CONVERSION = YES;
				CLANG_WARN_INT_CONVERSION = YES;
				CLANG_WARN_OBJC_ROOT_CLASS = YES_ERROR;
				CLANG_WARN_UNREACHABLE_CODE = YES;
				CLANG_WARN__DUPLICATE_METHOD_MATCH = YES;
				"CODE_SIGN_IDENTITY[sdk=iphoneos*]" = "iPhone Developer";
				COPY_PHASE_STRIP = NO;
				DEBUG_INFORMATION_FORMAT = "dwarf-with-dsym";
				ENABLE_STRICT_OBJC_MSGSEND = YES;
				GCC_C_LANGUAGE_STANDARD = gnu99;
				GCC_DYNAMIC_NO_PIC = NO;
				GCC_NO_COMMON_BLOCKS = YES;
				GCC_OPTIMIZATION_LEVEL = 0;
				GCC_PREPROCESSOR_DEFINITIONS = (
					"DEBUG=1",
					"$(inherited)",
				);
				GCC_SYMBOLS_PRIVATE_EXTERN = NO;
				GCC_WARN_64_TO_32_BIT_CONVERSION = YES;
				GCC_WARN_ABOUT_RETURN_TYPE = YES_ERROR;
				GCC_WARN_UNDECLARED_SELECTOR = YES;
				GCC_WARN_UNINITIALIZED_AUTOS = YES_AGGRESSIVE;
				GCC_WARN_UNUSED_FUNCTION = YES;
				GCC_WARN_UNUSED_VARIABLE = YES;
				IPHONEOS_DEPLOYMENT_TARGET = 8.3;
				MTL_ENABLE_DEBUG_INFO = YES;
				ONLY_ACTIVE_ARCH = YES;
				SDKROOT = iphoneos;
				SWIFT_OPTIMIZATION_LEVEL = "-Onone";
				TARGETED_DEVICE_FAMILY = "1,2";
			};
			name = Debug;
		};
		7E6FA3821B3BB87600E6F434 /* Release */ = {
			isa = XCBuildConfiguration;
			buildSettings = {
				ALWAYS_SEARCH_USER_PATHS = NO;
				CLANG_CXX_LANGUAGE_STANDARD = "gnu++0x";
				CLANG_CXX_LIBRARY = "libc++";
				CLANG_ENABLE_MODULES = YES;
				CLANG_ENABLE_OBJC_ARC = YES;
				CLANG_WARN_BOOL_CONVERSION = YES;
				CLANG_WARN_CONSTANT_CONVERSION = YES;
				CLANG_WARN_DIRECT_OBJC_ISA_USAGE = YES_ERROR;
				CLANG_WARN_EMPTY_BODY = YES;
				CLANG_WARN_ENUM_CONVERSION = YES;
				CLANG_WARN_INT_CONVERSION = YES;
				CLANG_WARN_OBJC_ROOT_CLASS = YES_ERROR;
				CLANG_WARN_UNREACHABLE_CODE = YES;
				CLANG_WARN__DUPLICATE_METHOD_MATCH = YES;
				"CODE_SIGN_IDENTITY[sdk=iphoneos*]" = "iPhone Developer";
				COPY_PHASE_STRIP = NO;
				DEBUG_INFORMATION_FORMAT = "dwarf-with-dsym";
				ENABLE_NS_ASSERTIONS = NO;
				ENABLE_STRICT_OBJC_MSGSEND = YES;
				GCC_C_LANGUAGE_STANDARD = gnu99;
				GCC_NO_COMMON_BLOCKS = YES;
				GCC_WARN_64_TO_32_BIT_CONVERSION = YES;
				GCC_WARN_ABOUT_RETURN_TYPE = YES_ERROR;
				GCC_WARN_UNDECLARED_SELECTOR = YES;
				GCC_WARN_UNINITIALIZED_AUTOS = YES_AGGRESSIVE;
				GCC_WARN_UNUSED_FUNCTION = YES;
				GCC_WARN_UNUSED_VARIABLE = YES;
				IPHONEOS_DEPLOYMENT_TARGET = 8.3;
				MTL_ENABLE_DEBUG_INFO = NO;
				SDKROOT = iphoneos;
				TARGETED_DEVICE_FAMILY = "1,2";
				VALIDATE_PRODUCT = YES;
			};
			name = Release;
		};
		7E6FA3841B3BB87600E6F434 /* Debug */ = {
			isa = XCBuildConfiguration;
			buildSettings = {
				ASSETCATALOG_COMPILER_APPICON_NAME = AppIcon;
				INFOPLIST_FILE = curv/Info.plist;
				LD_RUNPATH_SEARCH_PATHS = "$(inherited) @executable_path/Frameworks";
				PRODUCT_NAME = "$(TARGET_NAME)";
			};
			name = Debug;
		};
		7E6FA3851B3BB87600E6F434 /* Release */ = {
			isa = XCBuildConfiguration;
			buildSettings = {
				ASSETCATALOG_COMPILER_APPICON_NAME = AppIcon;
				INFOPLIST_FILE = curv/Info.plist;
				LD_RUNPATH_SEARCH_PATHS = "$(inherited) @executable_path/Frameworks";
				PRODUCT_NAME = "$(TARGET_NAME)";
			};
			name = Release;
		};
		7E6FA3871B3BB87600E6F434 /* Debug */ = {
			isa = XCBuildConfiguration;
			buildSettings = {
				BUNDLE_LOADER = "$(TEST_HOST)";
				FRAMEWORK_SEARCH_PATHS = (
					"$(SDKROOT)/Developer/Library/Frameworks",
					"$(inherited)",
				);
				GCC_PREPROCESSOR_DEFINITIONS = (
					"DEBUG=1",
					"$(inherited)",
				);
				INFOPLIST_FILE = curvTests/Info.plist;
				LD_RUNPATH_SEARCH_PATHS = "$(inherited) @executable_path/Frameworks @loader_path/Frameworks";
				PRODUCT_NAME = "$(TARGET_NAME)";
				TEST_HOST = "$(BUILT_PRODUCTS_DIR)/curv.app/curv";
			};
			name = Debug;
		};
		7E6FA3881B3BB87600E6F434 /* Release */ = {
			isa = XCBuildConfiguration;
			buildSettings = {
				BUNDLE_LOADER = "$(TEST_HOST)";
				FRAMEWORK_SEARCH_PATHS = (
					"$(SDKROOT)/Developer/Library/Frameworks",
					"$(inherited)",
				);
				INFOPLIST_FILE = curvTests/Info.plist;
				LD_RUNPATH_SEARCH_PATHS = "$(inherited) @executable_path/Frameworks @loader_path/Frameworks";
				PRODUCT_NAME = "$(TARGET_NAME)";
				TEST_HOST = "$(BUILT_PRODUCTS_DIR)/curv.app/curv";
			};
			name = Release;
		};
/* End XCBuildConfiguration section */

/* Begin XCConfigurationList section */
		7E6FA35F1B3BB87600E6F434 /* Build configuration list for PBXProject "curv" */ = {
			isa = XCConfigurationList;
			buildConfigurations = (
				7E6FA3811B3BB87600E6F434 /* Debug */,
				7E6FA3821B3BB87600E6F434 /* Release */,
			);
			defaultConfigurationIsVisible = 0;
			defaultConfigurationName = Release;
		};
		7E6FA3831B3BB87600E6F434 /* Build configuration list for PBXNativeTarget "curv" */ = {
			isa = XCConfigurationList;
			buildConfigurations = (
				7E6FA3841B3BB87600E6F434 /* Debug */,
				7E6FA3851B3BB87600E6F434 /* Release */,
			);
			defaultConfigurationIsVisible = 0;
		};
		7E6FA3861B3BB87600E6F434 /* Build configuration list for PBXNativeTarget "curvTests" */ = {
			isa = XCConfigurationList;
			buildConfigurations = (
				7E6FA3871B3BB87600E6F434 /* Debug */,
				7E6FA3881B3BB87600E6F434 /* Release */,
			);
			defaultConfigurationIsVisible = 0;
		};
/* End XCConfigurationList section */
	};
	rootObject = 7E6FA35C1B3BB87600E6F434 /* Project object */;
}
